<?xml version="1.0" encoding="utf-8"?>
<Project ToolsVersion="4.0" xmlns="http://schemas.microsoft.com/developer/msbuild/2003">
  <Import Project="LVGL.Portable.vcxitems.filters" />
  <Import Project="LVGL.Drivers.vcxitems.filters" />
  <ItemGroup>
    <ClInclude Include="lv_conf.h" />
    <ClInclude Include="lv_drv_conf.h" />
    <ClInclude Include="..\..\..\main\Device.h">
      <Filter>InfraStatisticsDisplay</Filter>
    </ClInclude>
    <ClInclude Include="..\cJSON\cJSON.h">
      <Filter>cJSON</Filter>
    </ClInclude>
    <ClInclude Include="..\cJSON\cJSON_Utils.h">
      <Filter>cJSON</Filter>
    </ClInclude>
    <ClInclude Include="..\..\..\main\lv_support.h">
      <Filter>InfraStatisticsDisplay</Filter>
    </ClInclude>
    <ClInclude Include="..\..\..\main\LvglUI.h">
      <Filter>InfraStatisticsDisplay</Filter>
    </ClInclude>
    <ClInclude Include="..\..\..\main\lvgl_assert.h">
      <Filter>InfraStatisticsDisplay</Filter>
    </ClInclude>
    <ClInclude Include="..\..\..\main\Messages.h">
      <Filter>InfraStatisticsDisplay</Filter>
    </ClInclude>
    <ClInclude Include="..\..\..\main\StatsDto.h">
      <Filter>InfraStatisticsDisplay</Filter>
    </ClInclude>
    <ClInclude Include="..\..\..\main\StatsUI.h">
      <Filter>InfraStatisticsDisplay</Filter>
    </ClInclude>
    <ClInclude Include="..\..\..\main\support.h">
      <Filter>InfraStatisticsDisplay</Filter>
    </ClInclude>
    <ClInclude Include="..\..\..\main\Callback.h">
      <Filter>InfraStatisticsDisplay</Filter>
    </ClInclude>
    <ClInclude Include="..\..\..\main\includes.h">
      <Filter>InfraStatisticsDisplay</Filter>
    </ClInclude>
  </ItemGroup>
  <ItemGroup>
    <Manifest Include="LVGL.Simulator.manifest" />
  </ItemGroup>
  <ItemGroup>
    <ClInclude Include="Mile.Project.Properties.h" />
    <ClInclude Include="resource.h" />
  </ItemGroup>
  <ItemGroup>
    <ClCompile Include="LVGL.Simulator.cpp" />
    <ClCompile Include="..\..\..\main\lv_font_roboto_12.c">
      <Filter>InfraStatisticsDisplay</Filter>
    </ClCompile>
    <ClCompile Include="..\..\..\main\lv_font_roboto_18.c">
      <Filter>InfraStatisticsDisplay</Filter>
    </ClCompile>
    <ClCompile Include="..\..\..\main\lv_font_roboto_24.c">
      <Filter>InfraStatisticsDisplay</Filter>
    </ClCompile>
    <ClCompile Include="..\..\..\main\lv_font_roboto_28.c">
      <Filter>InfraStatisticsDisplay</Filter>
    </ClCompile>
    <ClCompile Include="..\..\..\main\lv_font_roboto_40.c">
      <Filter>InfraStatisticsDisplay</Filter>
    </ClCompile>
    <ClCompile Include="..\..\..\main\lv_font_roboto_100_digits.c">
      <Filter>InfraStatisticsDisplay</Filter>
    </ClCompile>
    <ClCompile Include="..\..\..\main\Device.cpp">
      <Filter>InfraStatisticsDisplay</Filter>
    </ClCompile>
    <ClCompile Include="..\cJSON\cJSON.c">
      <Filter>cJSON</Filter>
    </ClCompile>
    <ClCompile Include="..\cJSON\cJSON_Utils.c">
      <Filter>cJSON</Filter>
    </ClCompile>
    <ClCompile Include="..\..\..\main\lv_support.cpp">
      <Filter>InfraStatisticsDisplay</Filter>
    </ClCompile>
    <ClCompile Include="..\..\..\main\LvglUI.cpp">
      <Filter>InfraStatisticsDisplay</Filter>
    </ClCompile>
    <ClCompile Include="..\..\..\main\StatsDto.cpp">
      <Filter>InfraStatisticsDisplay</Filter>
    </ClCompile>
    <ClCompile Include="..\..\..\main\StatsUI.cpp">
      <Filter>InfraStatisticsDisplay</Filter>
    </ClCompile>
    <ClCompile Include="..\..\..\main\support.cpp">
      <Filter>InfraStatisticsDisplay</Filter>
    </ClCompile>
  </ItemGroup>
  <ItemGroup>
    <ResourceCompile Include="LVGL.Simulator.rc" />
  </ItemGroup>
  <ItemGroup>
    <Image Include="LVGL.ico" />
  </ItemGroup>
  <ItemGroup>
    <None Include="freetype.props" />
    <None Include="data.json" />
  </ItemGroup>
  <ItemGroup>
    <Filter Include="InfraStatisticsDisplay">
      <UniqueIdentifier>{a4a78e00-8b46-4e85-94bc-3f20a49a6e7f}</UniqueIdentifier>
    </Filter>
    <Filter Include="cJSON">
      <UniqueIdentifier>{3749df57-adc1-40c7-842d-59fea3fb815d}</UniqueIdentifier>
    </Filter>
  </ItemGroup>
</Project>